
Microsoft Visual Studio Solution File, Format Version 12.00
# Visual Studio Version 17
VisualStudioVersion = 17.4.33205.214
MinimumVisualStudioVersion = 10.0.40219.1
Project("{FAE04EC0-301F-11D3-BF4B-00C04F79EFBC}") = "ProyectoHospital", "ProyectoHospital\ProyectoHospital.csproj", "{76613EF5-F5D2-43AF-BE6C-04C969FD27D8}"
EndProject
Global
	GlobalSection(SolutionConfigurationPlatforms) = preSolution
		Debug|Any CPU = Debug|Any CPU
		Release|Any CPU = Release|Any CPU
	EndGlobalSection
	GlobalSection(ProjectConfigurationPlatforms) = postSolution
		{76613EF5-F5D2-43AF-BE6C-04C969FD27D8}.Debug|Any CPU.ActiveCfg = Debug|Any CPU
		{76613EF5-F5D2-43AF-BE6C-04C969FD27D8}.Debug|Any CPU.Build.0 = Debug|Any CPU
		{76613EF5-F5D2-43AF-BE6C-04C969FD27D8}.Release|Any CPU.ActiveCfg = Release|Any CPU
		{76613EF5-F5D2-43AF-BE6C-04C969FD27D8}.Release|Any CPU.Build.0 = Release|Any CPU
	EndGlobalSection
	GlobalSection(SolutionProperties) = preSolution
		HideSolutionNode = FALSE
	EndGlobalSection
	GlobalSection(ExtensibilityGlobals) = postSolution
		SolutionGuid = {4D3C6132-9BBC-48A5-BD1B-47639EDDFD49}
	EndGlobalSection
EndGlobal
